
Microsoft Visual Studio Solution File, Format Version 12.00
# Visual Studio Version 16
VisualStudioVersion = 16.6.30114.105
MinimumVisualStudioVersion = 10.0.40219.1
Project("{FAE04EC0-301F-11D3-BF4B-00C04F79EFBC}") = "Joakimsoftware.M26", "Joakimsoftware.M26\Joakimsoftware.M26.csproj", "{AC5531E0-803C-4140-A087-D64F3EAB75C7}"
EndProject
Project("{FAE04EC0-301F-11D3-BF4B-00C04F79EFBC}") = "Joakimsoftware.M26.Tests", "Joakimsoftware.M26.Tests\Joakimsoftware.M26.Tests.csproj", "{249DD4D0-4D6F-4E4D-B9D3-9D484243D229}"
EndProject
Project("{FAE04EC0-301F-11D3-BF4B-00C04F79EFBC}") = "Joakimsoftware.M26.Example", "Joakimsoftware.M26.Example\Joakimsoftware.M26.Example.csproj", "{A435BD57-1664-4BA4-B329-0694A6EA3993}"
EndProject
Global
	GlobalSection(SolutionConfigurationPlatforms) = preSolution
		Debug|Any CPU = Debug|Any CPU
		Debug|x64 = Debug|x64
		Debug|x86 = Debug|x86
		Release|Any CPU = Release|Any CPU
		Release|x64 = Release|x64
		Release|x86 = Release|x86
	EndGlobalSection
	GlobalSection(SolutionProperties) = preSolution
		HideSolutionNode = FALSE
	EndGlobalSection
	GlobalSection(ProjectConfigurationPlatforms) = postSolution
		{AC5531E0-803C-4140-A087-D64F3EAB75C7}.Debug|Any CPU.ActiveCfg = Debug|Any CPU
		{AC5531E0-803C-4140-A087-D64F3EAB75C7}.Debug|Any CPU.Build.0 = Debug|Any CPU
		{AC5531E0-803C-4140-A087-D64F3EAB75C7}.Debug|x64.ActiveCfg = Debug|Any CPU
		{AC5531E0-803C-4140-A087-D64F3EAB75C7}.Debug|x64.Build.0 = Debug|Any CPU
		{AC5531E0-803C-4140-A087-D64F3EAB75C7}.Debug|x86.ActiveCfg = Debug|Any CPU
		{AC5531E0-803C-4140-A087-D64F3EAB75C7}.Debug|x86.Build.0 = Debug|Any CPU
		{AC5531E0-803C-4140-A087-D64F3EAB75C7}.Release|Any CPU.ActiveCfg = Release|Any CPU
		{AC5531E0-803C-4140-A087-D64F3EAB75C7}.Release|Any CPU.Build.0 = Release|Any CPU
		{AC5531E0-803C-4140-A087-D64F3EAB75C7}.Release|x64.ActiveCfg = Release|Any CPU
		{AC5531E0-803C-4140-A087-D64F3EAB75C7}.Release|x64.Build.0 = Release|Any CPU
		{AC5531E0-803C-4140-A087-D64F3EAB75C7}.Release|x86.ActiveCfg = Release|Any CPU
		{AC5531E0-803C-4140-A087-D64F3EAB75C7}.Release|x86.Build.0 = Release|Any CPU
		{249DD4D0-4D6F-4E4D-B9D3-9D484243D229}.Debug|Any CPU.ActiveCfg = Debug|Any CPU
		{249DD4D0-4D6F-4E4D-B9D3-9D484243D229}.Debug|Any CPU.Build.0 = Debug|Any CPU
		{249DD4D0-4D6F-4E4D-B9D3-9D484243D229}.Debug|x64.ActiveCfg = Debug|Any CPU
		{249DD4D0-4D6F-4E4D-B9D3-9D484243D229}.Debug|x64.Build.0 = Debug|Any CPU
		{249DD4D0-4D6F-4E4D-B9D3-9D484243D229}.Debug|x86.ActiveCfg = Debug|Any CPU
		{249DD4D0-4D6F-4E4D-B9D3-9D484243D229}.Debug|x86.Build.0 = Debug|Any CPU
		{249DD4D0-4D6F-4E4D-B9D3-9D484243D229}.Release|Any CPU.ActiveCfg = Release|Any CPU
		{249DD4D0-4D6F-4E4D-B9D3-9D484243D229}.Release|Any CPU.Build.0 = Release|Any CPU
		{249DD4D0-4D6F-4E4D-B9D3-9D484243D229}.Release|x64.ActiveCfg = Release|Any CPU
		{249DD4D0-4D6F-4E4D-B9D3-9D484243D229}.Release|x64.Build.0 = Release|Any CPU
		{249DD4D0-4D6F-4E4D-B9D3-9D484243D229}.Release|x86.ActiveCfg = Release|Any CPU
		{249DD4D0-4D6F-4E4D-B9D3-9D484243D229}.Release|x86.Build.0 = Release|Any CPU
		{A435BD57-1664-4BA4-B329-0694A6EA3993}.Debug|Any CPU.ActiveCfg = Debug|Any CPU
		{A435BD57-1664-4BA4-B329-0694A6EA3993}.Debug|Any CPU.Build.0 = Debug|Any CPU
		{A435BD57-1664-4BA4-B329-0694A6EA3993}.Debug|x64.ActiveCfg = Debug|Any CPU
		{A435BD57-1664-4BA4-B329-0694A6EA3993}.Debug|x64.Build.0 = Debug|Any CPU
		{A435BD57-1664-4BA4-B329-0694A6EA3993}.Debug|x86.ActiveCfg = Debug|Any CPU
		{A435BD57-1664-4BA4-B329-0694A6EA3993}.Debug|x86.Build.0 = Debug|Any CPU
		{A435BD57-1664-4BA4-B329-0694A6EA3993}.Release|Any CPU.ActiveCfg = Release|Any CPU
		{A435BD57-1664-4BA4-B329-0694A6EA3993}.Release|Any CPU.Build.0 = Release|Any CPU
		{A435BD57-1664-4BA4-B329-0694A6EA3993}.Release|x64.ActiveCfg = Release|Any CPU
		{A435BD57-1664-4BA4-B329-0694A6EA3993}.Release|x64.Build.0 = Release|Any CPU
		{A435BD57-1664-4BA4-B329-0694A6EA3993}.Release|x86.ActiveCfg = Release|Any CPU
		{A435BD57-1664-4BA4-B329-0694A6EA3993}.Release|x86.Build.0 = Release|Any CPU
	EndGlobalSection
EndGlobal
